// !$*UTF8*$!
{
	archiveVersion = 1;
	classes = {
	};
	objectVersion = 56;
	objects = {

/* Begin PBXBuildFile section */
		E3D406072B82DE31005BA48D /* main.cpp in Sources */ = {isa = PBXBuildFile; fileRef = E3D406062B82DE31005BA48D /* main.cpp */; };
		E3D4060F2B82ECD6005BA48D /* libglfw.3.3.dylib in Frameworks */ = {isa = PBXBuildFile; fileRef = E3D4060E2B82ECD6005BA48D /* libglfw.3.3.dylib */; };
		E3D406112B82ED82005BA48D /* libvulkan.1.3.275.dylib in Frameworks */ = {isa = PBXBuildFile; fileRef = E3D406102B82ED82005BA48D /* libvulkan.1.3.275.dylib */; };
		E3D406172B82EF62005BA48D /* libglfw.3.3.dylib in CopyFiles */ = {isa = PBXBuildFile; fileRef = E3D4060E2B82ECD6005BA48D /* libglfw.3.3.dylib */; };
		E3D4061E2B831251005BA48D /* libvulkan.1.3.275.dylib in CopyFiles */ = {isa = PBXBuildFile; fileRef = E3D4061D2B831251005BA48D /* libvulkan.1.3.275.dylib */; };
		E3D406202B8312BF005BA48D /* MaintenanceTool.app in Frameworks */ = {isa = PBXBuildFile; fileRef = E3D4061F2B8312BF005BA48D /* MaintenanceTool.app */; };
/* End PBXBuildFile section */

/* Begin PBXCopyFilesBuildPhase section */
		E3D406012B82DE31005BA48D /* CopyFiles */ = {
			isa = PBXCopyFilesBuildPhase;
			buildActionMask = 12;
			dstPath = "";
			dstSubfolderSpec = 10;
			files = (
				E3D4061E2B831251005BA48D /* libvulkan.1.3.275.dylib in CopyFiles */,
				E3D406172B82EF62005BA48D /* libglfw.3.3.dylib in CopyFiles */,
			);
			runOnlyForDeploymentPostprocessing = 0;
		};
/* End PBXCopyFilesBuildPhase section */

/* Begin PBXFileReference section */
		E3D406032B82DE31005BA48D /* VulkanTesting */ = {isa = PBXFileReference; explicitFileType = "compiled.mach-o.executable"; includeInIndex = 0; path = VulkanTesting; sourceTree = BUILT_PRODUCTS_DIR; };
		E3D406062B82DE31005BA48D /* main.cpp */ = {isa = PBXFileReference; lastKnownFileType = sourcecode.cpp.cpp; path = main.cpp; sourceTree = "<group>"; };
		E3D4060E2B82ECD6005BA48D /* libglfw.3.3.dylib */ = {isa = PBXFileReference; lastKnownFileType = "compiled.mach-o.dylib"; name = libglfw.3.3.dylib; path = ../../../../../../../../../opt/homebrew/Cellar/glfw/3.3.9/lib/libglfw.3.3.dylib; sourceTree = "<group>"; };
		E3D406102B82ED82005BA48D /* libvulkan.1.3.275.dylib */ = {isa = PBXFileReference; lastKnownFileType = "compiled.mach-o.dylib"; name = libvulkan.1.3.275.dylib; path = ../../../../../../../VulkanSDK/1.3.275.0/macOS/lib/libvulkan.1.3.275.dylib; sourceTree = "<group>"; };
		E3D4061D2B831251005BA48D /* libvulkan.1.3.275.dylib */ = {isa = PBXFileReference; lastKnownFileType = "compiled.mach-o.dylib"; name = libvulkan.1.3.275.dylib; path = ../../../../../../../VulkanSDK/1.3.275.0/macOS/lib/libvulkan.1.3.275.dylib; sourceTree = "<group>"; };
		E3D4061F2B8312BF005BA48D /* MaintenanceTool.app */ = {isa = PBXFileReference; lastKnownFileType = wrapper.application; name = MaintenanceTool.app; path = ../../../../../../../VulkanSDK/1.3.275.0/MaintenanceTool.app; sourceTree = "<group>"; };
		E3D406212B8312D8005BA48D /* vulkan.1.3.275.dylib */ = {isa = PBXFileReference; lastKnownFileType = "compiled.mach-o.dylib"; name = vulkan.1.3.275.dylib; path = ../../../../../../../VulkanSDK/1.3.275.0/macOS/lib/vulkan.1.3.275.dylib; sourceTree = "<group>"; };
/* End PBXFileReference section */

/* Begin PBXFrameworksBuildPhase section */
		E3D406002B82DE31005BA48D /* Frameworks */ = {
			isa = PBXFrameworksBuildPhase;
			buildActionMask = 2147483647;
			files = (
				E3D406202B8312BF005BA48D /* MaintenanceTool.app in Frameworks */,
				E3D406112B82ED82005BA48D /* libvulkan.1.3.275.dylib in Frameworks */,
				E3D4060F2B82ECD6005BA48D /* libglfw.3.3.dylib in Frameworks */,
			);
			runOnlyForDeploymentPostprocessing = 0;
		};
/* End PBXFrameworksBuildPhase section */

/* Begin PBXGroup section */
		E3D405FA2B82DE31005BA48D = {
			isa = PBXGroup;
			children = (
				E3D406212B8312D8005BA48D /* vulkan.1.3.275.dylib */,
				E3D4061D2B831251005BA48D /* libvulkan.1.3.275.dylib */,
				E3D406052B82DE31005BA48D /* VulkanTesting */,
				E3D406042B82DE31005BA48D /* Products */,
				E3D4060D2B82ECD5005BA48D /* Frameworks */,
			);
			sourceTree = "<group>";
		};
		E3D406042B82DE31005BA48D /* Products */ = {
			isa = PBXGroup;
			children = (
				E3D406032B82DE31005BA48D /* VulkanTesting */,
			);
			name = Products;
			sourceTree = "<group>";
		};
		E3D406052B82DE31005BA48D /* VulkanTesting */ = {
			isa = PBXGroup;
			children = (
				E3D406062B82DE31005BA48D /* main.cpp */,
			);
			path = VulkanTesting;
			sourceTree = "<group>";
		};
		E3D4060D2B82ECD5005BA48D /* Frameworks */ = {
			isa = PBXGroup;
			children = (
				E3D4061F2B8312BF005BA48D /* MaintenanceTool.app */,
				E3D406102B82ED82005BA48D /* libvulkan.1.3.275.dylib */,
				E3D4060E2B82ECD6005BA48D /* libglfw.3.3.dylib */,
			);
			name = Frameworks;
			sourceTree = "<group>";
		};
/* End PBXGroup section */

/* Begin PBXNativeTarget section */
		E3D406022B82DE31005BA48D /* VulkanTesting */ = {
			isa = PBXNativeTarget;
			buildConfigurationList = E3D4060A2B82DE31005BA48D /* Build configuration list for PBXNativeTarget "VulkanTesting" */;
			buildPhases = (
				E3D405FF2B82DE31005BA48D /* Sources */,
				E3D406002B82DE31005BA48D /* Frameworks */,
				E3D406012B82DE31005BA48D /* CopyFiles */,
			);
			buildRules = (
			);
			dependencies = (
			);
			name = VulkanTesting;
			productName = VulkanTesting;
			productReference = E3D406032B82DE31005BA48D /* VulkanTesting */;
			productType = "com.apple.product-type.tool";
		};
/* End PBXNativeTarget section */

/* Begin PBXProject section */
		E3D405FB2B82DE31005BA48D /* Project object */ = {
			isa = PBXProject;
			attributes = {
				BuildIndependentTargetsInParallel = 1;
				LastUpgradeCheck = 1520;
				TargetAttributes = {
					E3D406022B82DE31005BA48D = {
						CreatedOnToolsVersion = 15.2;
					};
				};
			};
			buildConfigurationList = E3D405FE2B82DE31005BA48D /* Build configuration list for PBXProject "VulkanTesting" */;
			compatibilityVersion = "Xcode 14.0";
			developmentRegion = en;
			hasScannedForEncodings = 0;
			knownRegions = (
				en,
				Base,
			);
			mainGroup = E3D405FA2B82DE31005BA48D;
			productRefGroup = E3D406042B82DE31005BA48D /* Products */;
			projectDirPath = "";
			projectRoot = "";
			targets = (
				E3D406022B82DE31005BA48D /* VulkanTesting */,
			);
		};
/* End PBXProject section */

/* Begin PBXSourcesBuildPhase section */
		E3D405FF2B82DE31005BA48D /* Sources */ = {
			isa = PBXSourcesBuildPhase;
			buildActionMask = 2147483647;
			files = (
				E3D406072B82DE31005BA48D /* main.cpp in Sources */,
			);
			runOnlyForDeploymentPostprocessing = 0;
		};
/* End PBXSourcesBuildPhase section */

/* Begin XCBuildConfiguration section */
		E3D406082B82DE31005BA48D /* Debug */ = {
			isa = XCBuildConfiguration;
			buildSettings = {
				ALWAYS_SEARCH_USER_PATHS = NO;
				ASSETCATALOG_COMPILER_GENERATE_SWIFT_ASSET_SYMBOL_EXTENSIONS = YES;
				CLANG_ANALYZER_NONNULL = YES;
				CLANG_ANALYZER_NUMBER_OBJECT_CONVERSION = YES_AGGRESSIVE;
				CLANG_CXX_LANGUAGE_STANDARD = "gnu++20";
				CLANG_ENABLE_MODULES = YES;
				CLANG_ENABLE_OBJC_ARC = YES;
				CLANG_ENABLE_OBJC_WEAK = YES;
				CLANG_WARN_BLOCK_CAPTURE_AUTORELEASING = YES;
				CLANG_WARN_BOOL_CONVERSION = YES;
				CLANG_WARN_COMMA = YES;
				CLANG_WARN_CONSTANT_CONVERSION = YES;
				CLANG_WARN_DEPRECATED_OBJC_IMPLEMENTATIONS = YES;
				CLANG_WARN_DIRECT_OBJC_ISA_USAGE = YES_ERROR;
				CLANG_WARN_DOCUMENTATION_COMMENTS = YES;
				CLANG_WARN_EMPTY_BODY = YES;
				CLANG_WARN_ENUM_CONVERSION = YES;
				CLANG_WARN_INFINITE_RECURSION = YES;
				CLANG_WARN_INT_CONVERSION = YES;
				CLANG_WARN_NON_LITERAL_NULL_CONVERSION = YES;
				CLANG_WARN_OBJC_IMPLICIT_RETAIN_SELF = YES;
				CLANG_WARN_OBJC_LITERAL_CONVERSION = YES;
				CLANG_WARN_OBJC_ROOT_CLASS = YES_ERROR;
				CLANG_WARN_QUOTED_INCLUDE_IN_FRAMEWORK_HEADER = YES;
				CLANG_WARN_RANGE_LOOP_ANALYSIS = YES;
				CLANG_WARN_STRICT_PROTOTYPES = YES;
				CLANG_WARN_SUSPICIOUS_MOVE = YES;
				CLANG_WARN_UNGUARDED_AVAILABILITY = YES_AGGRESSIVE;
				CLANG_WARN_UNREACHABLE_CODE = YES;
				CLANG_WARN__DUPLICATE_METHOD_MATCH = YES;
				COPY_PHASE_STRIP = NO;
				DEBUG_INFORMATION_FORMAT = dwarf;
				EAGER_LINKING = NO;
				ENABLE_STRICT_OBJC_MSGSEND = YES;
				ENABLE_TESTABILITY = YES;
				ENABLE_USER_SCRIPT_SANDBOXING = YES;
				GCC_C_LANGUAGE_STANDARD = gnu17;
				GCC_DYNAMIC_NO_PIC = NO;
				GCC_NO_COMMON_BLOCKS = YES;
				GCC_OPTIMIZATION_LEVEL = 0;
				GCC_PREPROCESSOR_DEFINITIONS = (
					"DEBUG=1",
					"$(inherited)",
				);
				GCC_WARN_64_TO_32_BIT_CONVERSION = YES;
				GCC_WARN_ABOUT_RETURN_TYPE = YES_ERROR;
				GCC_WARN_UNDECLARED_SELECTOR = YES;
				GCC_WARN_UNINITIALIZED_AUTOS = YES_AGGRESSIVE;
				GCC_WARN_UNUSED_FUNCTION = YES;
				GCC_WARN_UNUSED_VARIABLE = YES;
				HEADER_SEARCH_PATHS = (
					/opt/homebrew/include,
					/Users/vibeeshbose/VulkanSDK/1.3.275.0/macOS/include,
				);
				LIBRARY_SEARCH_PATHS = (
					/opt/homebrew/lib,
					/Users/vibeeshbose/VulkanSDK/1.3.275.0/macOS/lib,
				);
				LOCALIZATION_PREFERS_STRING_CATALOGS = YES;
				MACOSX_DEPLOYMENT_TARGET = 14.1;
				MTL_ENABLE_DEBUG_INFO = INCLUDE_SOURCE;
				MTL_FAST_MATH = YES;
				ONLY_ACTIVE_ARCH = YES;
				SDKROOT = macosx;
			};
			name = Debug;
		};
		E3D406092B82DE31005BA48D /* Release */ = {
			isa = XCBuildConfiguration;
			buildSettings = {
				ALWAYS_SEARCH_USER_PATHS = NO;
				ASSETCATALOG_COMPILER_GENERATE_SWIFT_ASSET_SYMBOL_EXTENSIONS = YES;
				CLANG_ANALYZER_NONNULL = YES;
				CLANG_ANALYZER_NUMBER_OBJECT_CONVERSION = YES_AGGRESSIVE;
				CLANG_CXX_LANGUAGE_STANDARD = "gnu++20";
				CLANG_ENABLE_MODULES = YES;
				CLANG_ENABLE_OBJC_ARC = YES;
				CLANG_ENABLE_OBJC_WEAK = YES;
				CLANG_WARN_BLOCK_CAPTURE_AUTORELEASING = YES;
				CLANG_WARN_BOOL_CONVERSION = YES;
				CLANG_WARN_COMMA = YES;
				CLANG_WARN_CONSTANT_CONVERSION = YES;
				CLANG_WARN_DEPRECATED_OBJC_IMPLEMENTATIONS = YES;
				CLANG_WARN_DIRECT_OBJC_ISA_USAGE = YES_ERROR;
				CLANG_WARN_DOCUMENTATION_COMMENTS = YES;
				CLANG_WARN_EMPTY_BODY = YES;
				CLANG_WARN_ENUM_CONVERSION = YES;
				CLANG_WARN_INFINITE_RECURSION = YES;
				CLANG_WARN_INT_CONVERSION = YES;
				CLANG_WARN_NON_LITERAL_NULL_CONVERSION = YES;
				CLANG_WARN_OBJC_IMPLICIT_RETAIN_SELF = YES;
				CLANG_WARN_OBJC_LITERAL_CONVERSION = YES;
				CLANG_WARN_OBJC_ROOT_CLASS = YES_ERROR;
				CLANG_WARN_QUOTED_INCLUDE_IN_FRAMEWORK_HEADER = YES;
				CLANG_WARN_RANGE_LOOP_ANALYSIS = YES;
				CLANG_WARN_STRICT_PROTOTYPES = YES;
				CLANG_WARN_SUSPICIOUS_MOVE = YES;
				CLANG_WARN_UNGUARDED_AVAILABILITY = YES_AGGRESSIVE;
				CLANG_WARN_UNREACHABLE_CODE = YES;
				CLANG_WARN__DUPLICATE_METHOD_MATCH = YES;
				COPY_PHASE_STRIP = NO;
				DEBUG_INFORMATION_FORMAT = "dwarf-with-dsym";
				EAGER_LINKING = NO;
				ENABLE_NS_ASSERTIONS = NO;
				ENABLE_STRICT_OBJC_MSGSEND = YES;
				ENABLE_USER_SCRIPT_SANDBOXING = YES;
				GCC_C_LANGUAGE_STANDARD = gnu17;
				GCC_NO_COMMON_BLOCKS = YES;
				GCC_WARN_64_TO_32_BIT_CONVERSION = YES;
				GCC_WARN_ABOUT_RETURN_TYPE = YES_ERROR;
				GCC_WARN_UNDECLARED_SELECTOR = YES;
				GCC_WARN_UNINITIALIZED_AUTOS = YES_AGGRESSIVE;
				GCC_WARN_UNUSED_FUNCTION = YES;
				GCC_WARN_UNUSED_VARIABLE = YES;
				HEADER_SEARCH_PATHS = (
					/opt/homebrew/include,
					/Users/vibeeshbose/VulkanSDK/1.3.275.0/macOS/include/vulkan,
				);
				LIBRARY_SEARCH_PATHS = (
					/opt/homebrew/lib,
					/Users/vibeeshbose/VulkanSDK/1.3.275.0/macOS/lib,
				);
				LOCALIZATION_PREFERS_STRING_CATALOGS = YES;
				MACOSX_DEPLOYMENT_TARGET = 14.1;
				MTL_ENABLE_DEBUG_INFO = NO;
				MTL_FAST_MATH = YES;
				SDKROOT = macosx;
			};
			name = Release;
		};
		E3D4060B2B82DE31005BA48D /* Debug */ = {
			isa = XCBuildConfiguration;
			buildSettings = {
				CODE_SIGN_STYLE = Automatic;
				LIBRARY_SEARCH_PATHS = (
					"$(inherited)",
					/opt/homebrew/Cellar/glfw/3.3.9/lib,
				);
				PRODUCT_NAME = "$(TARGET_NAME)";
			};
			name = Debug;
		};
		E3D4060C2B82DE31005BA48D /* Release */ = {
			isa = XCBuildConfiguration;
			buildSettings = {
				CODE_SIGN_STYLE = Automatic;
				LIBRARY_SEARCH_PATHS = (
					"$(inherited)",
					/opt/homebrew/Cellar/glfw/3.3.9/lib,
				);
				PRODUCT_NAME = "$(TARGET_NAME)";
			};
			name = Release;
		};
/* End XCBuildConfiguration section */

/* Begin XCConfigurationList section */
		E3D405FE2B82DE31005BA48D /* Build configuration list for PBXProject "VulkanTesting" */ = {
			isa = XCConfigurationList;
			buildConfigurations = (
				E3D406082B82DE31005BA48D /* Debug */,
				E3D406092B82DE31005BA48D /* Release */,
			);
			defaultConfigurationIsVisible = 0;
			defaultConfigurationName = Release;
		};
		E3D4060A2B82DE31005BA48D /* Build configuration list for PBXNativeTarget "VulkanTesting" */ = {
			isa = XCConfigurationList;
			buildConfigurations = (
				E3D4060B2B82DE31005BA48D /* Debug */,
				E3D4060C2B82DE31005BA48D /* Release */,
			);
			defaultConfigurationIsVisible = 0;
			defaultConfigurationName = Release;
		};
/* End XCConfigurationList section */
	};
	rootObject = E3D405FB2B82DE31005BA48D /* Project object */;
}
